// !$*UTF8*$!
{
	archiveVersion = 1;
	classes = {
	};
	objectVersion = 46;
	objects = {

/* Begin PBXBuildFile section */
		A93DA54B1B98699C0081974B /* SentMemesCollectionViewController.swift in Sources */ = {isa = PBXBuildFile; fileRef = A93DA54A1B98699C0081974B /* SentMemesCollectionViewController.swift */; };
		A93DA54E1B986A180081974B /* SentMemesCollectionViewCell.swift in Sources */ = {isa = PBXBuildFile; fileRef = A93DA54C1B986A180081974B /* SentMemesCollectionViewCell.swift */; };
		A93DA5541B986DF40081974B /* SentMemesCollectionViewController-UICollectionViewDataSource.swift in Sources */ = {isa = PBXBuildFile; fileRef = A93DA5531B986DF40081974B /* SentMemesCollectionViewController-UICollectionViewDataSource.swift */; };
		A93DA5561B98764A0081974B /* SentMemesCollectionViewController-UICollectionViewDelegate.swift in Sources */ = {isa = PBXBuildFile; fileRef = A93DA5551B98764A0081974B /* SentMemesCollectionViewController-UICollectionViewDelegate.swift */; };
		A95CB3FD1B8C9179004FBBFB /* AppDelegate.swift in Sources */ = {isa = PBXBuildFile; fileRef = A95CB3FC1B8C9179004FBBFB /* AppDelegate.swift */; };
		A95CB3FF1B8C9179004FBBFB /* MemeEditorViewController.swift in Sources */ = {isa = PBXBuildFile; fileRef = A95CB3FE1B8C9179004FBBFB /* MemeEditorViewController.swift */; };
		A95CB4021B8C9179004FBBFB /* Main.storyboard in Resources */ = {isa = PBXBuildFile; fileRef = A95CB4001B8C9179004FBBFB /* Main.storyboard */; };
		A95CB4041B8C9179004FBBFB /* Images.xcassets in Resources */ = {isa = PBXBuildFile; fileRef = A95CB4031B8C9179004FBBFB /* Images.xcassets */; };
		A95CB4071B8C9179004FBBFB /* LaunchScreen.xib in Resources */ = {isa = PBXBuildFile; fileRef = A95CB4051B8C9179004FBBFB /* LaunchScreen.xib */; };
		A95CB4131B8C9179004FBBFB /* MemeMeTests.swift in Sources */ = {isa = PBXBuildFile; fileRef = A95CB4121B8C9179004FBBFB /* MemeMeTests.swift */; };
		A9F4A33B1B95E2BE0015E971 /* Meme.swift in Sources */ = {isa = PBXBuildFile; fileRef = A9F4A33A1B95E2BE0015E971 /* Meme.swift */; };
/* End PBXBuildFile section */

/* Begin PBXContainerItemProxy section */
		A95CB40D1B8C9179004FBBFB /* PBXContainerItemProxy */ = {
			isa = PBXContainerItemProxy;
			containerPortal = A95CB3EF1B8C9179004FBBFB /* Project object */;
			proxyType = 1;
			remoteGlobalIDString = A95CB3F61B8C9179004FBBFB;
			remoteInfo = MemeMe;
		};
/* End PBXContainerItemProxy section */

/* Begin PBXFileReference section */
		A93DA54A1B98699C0081974B /* SentMemesCollectionViewController.swift */ = {isa = PBXFileReference; fileEncoding = 4; lastKnownFileType = sourcecode.swift; path = SentMemesCollectionViewController.swift; sourceTree = "<group>"; };
		A93DA54C1B986A180081974B /* SentMemesCollectionViewCell.swift */ = {isa = PBXFileReference; fileEncoding = 4; lastKnownFileType = sourcecode.swift; path = SentMemesCollectionViewCell.swift; sourceTree = "<group>"; };
		A93DA5531B986DF40081974B /* SentMemesCollectionViewController-UICollectionViewDataSource.swift */ = {isa = PBXFileReference; fileEncoding = 4; lastKnownFileType = sourcecode.swift; path = "SentMemesCollectionViewController-UICollectionViewDataSource.swift"; sourceTree = "<group>"; };
		A93DA5551B98764A0081974B /* SentMemesCollectionViewController-UICollectionViewDelegate.swift */ = {isa = PBXFileReference; fileEncoding = 4; lastKnownFileType = sourcecode.swift; path = "SentMemesCollectionViewController-UICollectionViewDelegate.swift"; sourceTree = "<group>"; };
		A95CB3F71B8C9179004FBBFB /* MemeMe.app */ = {isa = PBXFileReference; explicitFileType = wrapper.application; includeInIndex = 0; path = MemeMe.app; sourceTree = BUILT_PRODUCTS_DIR; };
		A95CB3FB1B8C9179004FBBFB /* Info.plist */ = {isa = PBXFileReference; lastKnownFileType = text.plist.xml; path = Info.plist; sourceTree = "<group>"; };
		A95CB3FC1B8C9179004FBBFB /* AppDelegate.swift */ = {isa = PBXFileReference; lastKnownFileType = sourcecode.swift; path = AppDelegate.swift; sourceTree = "<group>"; };
		A95CB3FE1B8C9179004FBBFB /* MemeEditorViewController.swift */ = {isa = PBXFileReference; lastKnownFileType = sourcecode.swift; path = MemeEditorViewController.swift; sourceTree = "<group>"; };
		A95CB4011B8C9179004FBBFB /* Base */ = {isa = PBXFileReference; lastKnownFileType = file.storyboard; name = Base; path = Base.lproj/Main.storyboard; sourceTree = "<group>"; };
		A95CB4031B8C9179004FBBFB /* Images.xcassets */ = {isa = PBXFileReference; lastKnownFileType = folder.assetcatalog; path = Images.xcassets; sourceTree = "<group>"; };
		A95CB4061B8C9179004FBBFB /* Base */ = {isa = PBXFileReference; lastKnownFileType = file.xib; name = Base; path = Base.lproj/LaunchScreen.xib; sourceTree = "<group>"; };
		A95CB40C1B8C9179004FBBFB /* MemeMeTests.xctest */ = {isa = PBXFileReference; explicitFileType = wrapper.cfbundle; includeInIndex = 0; path = MemeMeTests.xctest; sourceTree = BUILT_PRODUCTS_DIR; };
		A95CB4111B8C9179004FBBFB /* Info.plist */ = {isa = PBXFileReference; lastKnownFileType = text.plist.xml; path = Info.plist; sourceTree = "<group>"; };
		A95CB4121B8C9179004FBBFB /* MemeMeTests.swift */ = {isa = PBXFileReference; lastKnownFileType = sourcecode.swift; path = MemeMeTests.swift; sourceTree = "<group>"; };
		A9F4A33A1B95E2BE0015E971 /* Meme.swift */ = {isa = PBXFileReference; fileEncoding = 4; lastKnownFileType = sourcecode.swift; path = Meme.swift; sourceTree = "<group>"; };
/* End PBXFileReference section */

/* Begin PBXFrameworksBuildPhase section */
		A95CB3F41B8C9179004FBBFB /* Frameworks */ = {
			isa = PBXFrameworksBuildPhase;
			buildActionMask = 2147483647;
			files = (
			);
			runOnlyForDeploymentPostprocessing = 0;
		};
		A95CB4091B8C9179004FBBFB /* Frameworks */ = {
			isa = PBXFrameworksBuildPhase;
			buildActionMask = 2147483647;
			files = (
			);
			runOnlyForDeploymentPostprocessing = 0;
		};
/* End PBXFrameworksBuildPhase section */

/* Begin PBXGroup section */
		A93DA5501B986A360081974B /* Custom Views */ = {
			isa = PBXGroup;
			children = (
				A93DA54C1B986A180081974B /* SentMemesCollectionViewCell.swift */,
			);
			name = "Custom Views";
			sourceTree = "<group>";
		};
		A93DA5511B986A4E0081974B /* View Controllers */ = {
			isa = PBXGroup;
			children = (
				A93DA54A1B98699C0081974B /* SentMemesCollectionViewController.swift */,
				A93DA5531B986DF40081974B /* SentMemesCollectionViewController-UICollectionViewDataSource.swift */,
				A93DA5551B98764A0081974B /* SentMemesCollectionViewController-UICollectionViewDelegate.swift */,
				A95CB3FE1B8C9179004FBBFB /* MemeEditorViewController.swift */,
			);
			name = "View Controllers";
			sourceTree = "<group>";
		};
		A93DA5521B986A810081974B /* Data Model */ = {
			isa = PBXGroup;
			children = (
				A9F4A33A1B95E2BE0015E971 /* Meme.swift */,
			);
			name = "Data Model";
			sourceTree = "<group>";
		};
		A95CB3EE1B8C9179004FBBFB = {
			isa = PBXGroup;
			children = (
				A95CB3F91B8C9179004FBBFB /* MemeMe */,
				A95CB40F1B8C9179004FBBFB /* MemeMeTests */,
				A95CB3F81B8C9179004FBBFB /* Products */,
			);
			sourceTree = "<group>";
		};
		A95CB3F81B8C9179004FBBFB /* Products */ = {
			isa = PBXGroup;
			children = (
				A95CB3F71B8C9179004FBBFB /* MemeMe.app */,
				A95CB40C1B8C9179004FBBFB /* MemeMeTests.xctest */,
			);
			name = Products;
			sourceTree = "<group>";
		};
		A95CB3F91B8C9179004FBBFB /* MemeMe */ = {
			isa = PBXGroup;
			children = (
				A95CB3FC1B8C9179004FBBFB /* AppDelegate.swift */,
				A95CB4001B8C9179004FBBFB /* Main.storyboard */,
				A95CB4051B8C9179004FBBFB /* LaunchScreen.xib */,
				A95CB4031B8C9179004FBBFB /* Images.xcassets */,
				A93DA5521B986A810081974B /* Data Model */,
				A93DA5501B986A360081974B /* Custom Views */,
				A93DA5511B986A4E0081974B /* View Controllers */,
				A95CB3FA1B8C9179004FBBFB /* Supporting Files */,
			);
			path = MemeMe;
			sourceTree = "<group>";
		};
		A95CB3FA1B8C9179004FBBFB /* Supporting Files */ = {
			isa = PBXGroup;
			children = (
				A95CB3FB1B8C9179004FBBFB /* Info.plist */,
			);
			name = "Supporting Files";
			sourceTree = "<group>";
		};
		A95CB40F1B8C9179004FBBFB /* MemeMeTests */ = {
			isa = PBXGroup;
			children = (
				A95CB4121B8C9179004FBBFB /* MemeMeTests.swift */,
				A95CB4101B8C9179004FBBFB /* Supporting Files */,
			);
			path = MemeMeTests;
			sourceTree = "<group>";
		};
		A95CB4101B8C9179004FBBFB /* Supporting Files */ = {
			isa = PBXGroup;
			children = (
				A95CB4111B8C9179004FBBFB /* Info.plist */,
			);
			name = "Supporting Files";
			sourceTree = "<group>";
		};
/* End PBXGroup section */

/* Begin PBXNativeTarget section */
		A95CB3F61B8C9179004FBBFB /* MemeMe */ = {
			isa = PBXNativeTarget;
			buildConfigurationList = A95CB4161B8C9179004FBBFB /* Build configuration list for PBXNativeTarget "MemeMe" */;
			buildPhases = (
				A95CB3F31B8C9179004FBBFB /* Sources */,
				A95CB3F41B8C9179004FBBFB /* Frameworks */,
				A95CB3F51B8C9179004FBBFB /* Resources */,
			);
			buildRules = (
			);
			dependencies = (
			);
			name = MemeMe;
			productName = MemeMe;
			productReference = A95CB3F71B8C9179004FBBFB /* MemeMe.app */;
			productType = "com.apple.product-type.application";
		};
		A95CB40B1B8C9179004FBBFB /* MemeMeTests */ = {
			isa = PBXNativeTarget;
			buildConfigurationList = A95CB4191B8C9179004FBBFB /* Build configuration list for PBXNativeTarget "MemeMeTests" */;
			buildPhases = (
				A95CB4081B8C9179004FBBFB /* Sources */,
				A95CB4091B8C9179004FBBFB /* Frameworks */,
				A95CB40A1B8C9179004FBBFB /* Resources */,
			);
			buildRules = (
			);
			dependencies = (
				A95CB40E1B8C9179004FBBFB /* PBXTargetDependency */,
			);
			name = MemeMeTests;
			productName = MemeMeTests;
			productReference = A95CB40C1B8C9179004FBBFB /* MemeMeTests.xctest */;
			productType = "com.apple.product-type.bundle.unit-test";
		};
/* End PBXNativeTarget section */

/* Begin PBXProject section */
		A95CB3EF1B8C9179004FBBFB /* Project object */ = {
			isa = PBXProject;
			attributes = {
				LastUpgradeCheck = 0640;
				ORGANIZATIONNAME = "Bill Dawson";
				TargetAttributes = {
					A95CB3F61B8C9179004FBBFB = {
						CreatedOnToolsVersion = 6.4;
					};
					A95CB40B1B8C9179004FBBFB = {
						CreatedOnToolsVersion = 6.4;
						TestTargetID = A95CB3F61B8C9179004FBBFB;
					};
				};
			};
			buildConfigurationList = A95CB3F21B8C9179004FBBFB /* Build configuration list for PBXProject "MemeMe" */;
			compatibilityVersion = "Xcode 3.2";
			developmentRegion = English;
			hasScannedForEncodings = 0;
			knownRegions = (
				en,
				Base,
			);
			mainGroup = A95CB3EE1B8C9179004FBBFB;
			productRefGroup = A95CB3F81B8C9179004FBBFB /* Products */;
			projectDirPath = "";
			projectRoot = "";
			targets = (
				A95CB3F61B8C9179004FBBFB /* MemeMe */,
				A95CB40B1B8C9179004FBBFB /* MemeMeTests */,
			);
		};
/* End PBXProject section */

/* Begin PBXResourcesBuildPhase section */
		A95CB3F51B8C9179004FBBFB /* Resources */ = {
			isa = PBXResourcesBuildPhase;
			buildActionMask = 2147483647;
			files = (
				A95CB4021B8C9179004FBBFB /* Main.storyboard in Resources */,
				A95CB4071B8C9179004FBBFB /* LaunchScreen.xib in Resources */,
				A95CB4041B8C9179004FBBFB /* Images.xcassets in Resources */,
			);
			runOnlyForDeploymentPostprocessing = 0;
		};
		A95CB40A1B8C9179004FBBFB /* Resources */ = {
			isa = PBXResourcesBuildPhase;
			buildActionMask = 2147483647;
			files = (
			);
			runOnlyForDeploymentPostprocessing = 0;
		};
/* End PBXResourcesBuildPhase section */

/* Begin PBXSourcesBuildPhase section */
		A95CB3F31B8C9179004FBBFB /* Sources */ = {
			isa = PBXSourcesBuildPhase;
			buildActionMask = 2147483647;
			files = (
				A93DA5541B986DF40081974B /* SentMemesCollectionViewController-UICollectionViewDataSource.swift in Sources */,
				A93DA5561B98764A0081974B /* SentMemesCollectionViewController-UICollectionViewDelegate.swift in Sources */,
				A93DA54E1B986A180081974B /* SentMemesCollectionViewCell.swift in Sources */,
				A9F4A33B1B95E2BE0015E971 /* Meme.swift in Sources */,
				A95CB3FF1B8C9179004FBBFB /* MemeEditorViewController.swift in Sources */,
				A93DA54B1B98699C0081974B /* SentMemesCollectionViewController.swift in Sources */,
				A95CB3FD1B8C9179004FBBFB /* AppDelegate.swift in Sources */,
			);
			runOnlyForDeploymentPostprocessing = 0;
		};
		A95CB4081B8C9179004FBBFB /* Sources */ = {
			isa = PBXSourcesBuildPhase;
			buildActionMask = 2147483647;
			files = (
				A95CB4131B8C9179004FBBFB /* MemeMeTests.swift in Sources */,
			);
			runOnlyForDeploymentPostprocessing = 0;
		};
/* End PBXSourcesBuildPhase section */

/* Begin PBXTargetDependency section */
		A95CB40E1B8C9179004FBBFB /* PBXTargetDependency */ = {
			isa = PBXTargetDependency;
			target = A95CB3F61B8C9179004FBBFB /* MemeMe */;
			targetProxy = A95CB40D1B8C9179004FBBFB /* PBXContainerItemProxy */;
		};
/* End PBXTargetDependency section */

/* Begin PBXVariantGroup section */
		A95CB4001B8C9179004FBBFB /* Main.storyboard */ = {
			isa = PBXVariantGroup;
			children = (
				A95CB4011B8C9179004FBBFB /* Base */,
			);
			name = Main.storyboard;
			sourceTree = "<group>";
		};
		A95CB4051B8C9179004FBBFB /* LaunchScreen.xib */ = {
			isa = PBXVariantGroup;
			children = (
				A95CB4061B8C9179004FBBFB /* Base */,
			);
			name = LaunchScreen.xib;
			sourceTree = "<group>";
		};
/* End PBXVariantGroup section */

/* Begin XCBuildConfiguration section */
		A95CB4141B8C9179004FBBFB /* Debug */ = {
			isa = XCBuildConfiguration;
			buildSettings = {
				ALWAYS_SEARCH_USER_PATHS = NO;
				CLANG_CXX_LANGUAGE_STANDARD = "gnu++0x";
				CLANG_CXX_LIBRARY = "libc++";
				CLANG_ENABLE_MODULES = YES;
				CLANG_ENABLE_OBJC_ARC = YES;
				CLANG_WARN_BOOL_CONVERSION = YES;
				CLANG_WARN_CONSTANT_CONVERSION = YES;
				CLANG_WARN_DIRECT_OBJC_ISA_USAGE = YES_ERROR;
				CLANG_WARN_EMPTY_BODY = YES;
				CLANG_WARN_ENUM_CONVERSION = YES;
				CLANG_WARN_INT_CONVERSION = YES;
				CLANG_WARN_OBJC_ROOT_CLASS = YES_ERROR;
				CLANG_WARN_UNREACHABLE_CODE = YES;
				CLANG_WARN__DUPLICATE_METHOD_MATCH = YES;
				"CODE_SIGN_IDENTITY[sdk=iphoneos*]" = "iPhone Developer";
				COPY_PHASE_STRIP = NO;
				DEBUG_INFORMATION_FORMAT = "dwarf-with-dsym";
				ENABLE_STRICT_OBJC_MSGSEND = YES;
				GCC_C_LANGUAGE_STANDARD = gnu99;
				GCC_DYNAMIC_NO_PIC = NO;
				GCC_NO_COMMON_BLOCKS = YES;
				GCC_OPTIMIZATION_LEVEL = 0;
				GCC_PREPROCESSOR_DEFINITIONS = (
					"DEBUG=1",
					"$(inherited)",
				);
				GCC_SYMBOLS_PRIVATE_EXTERN = NO;
				GCC_WARN_64_TO_32_BIT_CONVERSION = YES;
				GCC_WARN_ABOUT_RETURN_TYPE = YES_ERROR;
				GCC_WARN_UNDECLARED_SELECTOR = YES;
				GCC_WARN_UNINITIALIZED_AUTOS = YES_AGGRESSIVE;
				GCC_WARN_UNUSED_FUNCTION = YES;
				GCC_WARN_UNUSED_VARIABLE = YES;
				IPHONEOS_DEPLOYMENT_TARGET = 8.4;
				MTL_ENABLE_DEBUG_INFO = YES;
				ONLY_ACTIVE_ARCH = YES;
				SDKROOT = iphoneos;
				SWIFT_OPTIMIZATION_LEVEL = "-Onone";
				TARGETED_DEVICE_FAMILY = "1,2";
			};
			name = Debug;
		};
		A95CB4151B8C9179004FBBFB /* Release */ = {
			isa = XCBuildConfiguration;
			buildSettings = {
				ALWAYS_SEARCH_USER_PATHS = NO;
				CLANG_CXX_LANGUAGE_STANDARD = "gnu++0x";
				CLANG_CXX_LIBRARY = "libc++";
				CLANG_ENABLE_MODULES = YES;
				CLANG_ENABLE_OBJC_ARC = YES;
				CLANG_WARN_BOOL_CONVERSION = YES;
				CLANG_WARN_CONSTANT_CONVERSION = YES;
				CLANG_WARN_DIRECT_OBJC_ISA_USAGE = YES_ERROR;
				CLANG_WARN_EMPTY_BODY = YES;
				CLANG_WARN_ENUM_CONVERSION = YES;
				CLANG_WARN_INT_CONVERSION = YES;
				CLANG_WARN_OBJC_ROOT_CLASS = YES_ERROR;
				CLANG_WARN_UNREACHABLE_CODE = YES;
				CLANG_WARN__DUPLICATE_METHOD_MATCH = YES;
				"CODE_SIGN_IDENTITY[sdk=iphoneos*]" = "iPhone Developer";
				COPY_PHASE_STRIP = NO;
				DEBUG_INFORMATION_FORMAT = "dwarf-with-dsym";
				ENABLE_NS_ASSERTIONS = NO;
				ENABLE_STRICT_OBJC_MSGSEND = YES;
				GCC_C_LANGUAGE_STANDARD = gnu99;
				GCC_NO_COMMON_BLOCKS = YES;
				GCC_WARN_64_TO_32_BIT_CONVERSION = YES;
				GCC_WARN_ABOUT_RETURN_TYPE = YES_ERROR;
				GCC_WARN_UNDECLARED_SELECTOR = YES;
				GCC_WARN_UNINITIALIZED_AUTOS = YES_AGGRESSIVE;
				GCC_WARN_UNUSED_FUNCTION = YES;
				GCC_WARN_UNUSED_VARIABLE = YES;
				IPHONEOS_DEPLOYMENT_TARGET = 8.4;
				MTL_ENABLE_DEBUG_INFO = NO;
				SDKROOT = iphoneos;
				TARGETED_DEVICE_FAMILY = "1,2";
				VALIDATE_PRODUCT = YES;
			};
			name = Release;
		};
		A95CB4171B8C9179004FBBFB /* Debug */ = {
			isa = XCBuildConfiguration;
			buildSettings = {
				ASSETCATALOG_COMPILER_APPICON_NAME = AppIcon;
				INFOPLIST_FILE = MemeMe/Info.plist;
				LD_RUNPATH_SEARCH_PATHS = "$(inherited) @executable_path/Frameworks";
				PRODUCT_NAME = "$(TARGET_NAME)";
			};
			name = Debug;
		};
		A95CB4181B8C9179004FBBFB /* Release */ = {
			isa = XCBuildConfiguration;
			buildSettings = {
				ASSETCATALOG_COMPILER_APPICON_NAME = AppIcon;
				INFOPLIST_FILE = MemeMe/Info.plist;
				LD_RUNPATH_SEARCH_PATHS = "$(inherited) @executable_path/Frameworks";
				PRODUCT_NAME = "$(TARGET_NAME)";
			};
			name = Release;
		};
		A95CB41A1B8C9179004FBBFB /* Debug */ = {
			isa = XCBuildConfiguration;
			buildSettings = {
				BUNDLE_LOADER = "$(TEST_HOST)";
				FRAMEWORK_SEARCH_PATHS = (
					"$(SDKROOT)/Developer/Library/Frameworks",
					"$(inherited)",
				);
				GCC_PREPROCESSOR_DEFINITIONS = (
					"DEBUG=1",
					"$(inherited)",
				);
				INFOPLIST_FILE = MemeMeTests/Info.plist;
				LD_RUNPATH_SEARCH_PATHS = "$(inherited) @executable_path/Frameworks @loader_path/Frameworks";
				PRODUCT_NAME = "$(TARGET_NAME)";
				TEST_HOST = "$(BUILT_PRODUCTS_DIR)/MemeMe.app/MemeMe";
			};
			name = Debug;
		};
		A95CB41B1B8C9179004FBBFB /* Release */ = {
			isa = XCBuildConfiguration;
			buildSettings = {
				BUNDLE_LOADER = "$(TEST_HOST)";
				FRAMEWORK_SEARCH_PATHS = (
					"$(SDKROOT)/Developer/Library/Frameworks",
					"$(inherited)",
				);
				INFOPLIST_FILE = MemeMeTests/Info.plist;
				LD_RUNPATH_SEARCH_PATHS = "$(inherited) @executable_path/Frameworks @loader_path/Frameworks";
				PRODUCT_NAME = "$(TARGET_NAME)";
				TEST_HOST = "$(BUILT_PRODUCTS_DIR)/MemeMe.app/MemeMe";
			};
			name = Release;
		};
/* End XCBuildConfiguration section */

/* Begin XCConfigurationList section */
		A95CB3F21B8C9179004FBBFB /* Build configuration list for PBXProject "MemeMe" */ = {
			isa = XCConfigurationList;
			buildConfigurations = (
				A95CB4141B8C9179004FBBFB /* Debug */,
				A95CB4151B8C9179004FBBFB /* Release */,
			);
			defaultConfigurationIsVisible = 0;
			defaultConfigurationName = Release;
		};
		A95CB4161B8C9179004FBBFB /* Build configuration list for PBXNativeTarget "MemeMe" */ = {
			isa = XCConfigurationList;
			buildConfigurations = (
				A95CB4171B8C9179004FBBFB /* Debug */,
				A95CB4181B8C9179004FBBFB /* Release */,
			);
			defaultConfigurationIsVisible = 0;
			defaultConfigurationName = Release;
		};
		A95CB4191B8C9179004FBBFB /* Build configuration list for PBXNativeTarget "MemeMeTests" */ = {
			isa = XCConfigurationList;
			buildConfigurations = (
				A95CB41A1B8C9179004FBBFB /* Debug */,
				A95CB41B1B8C9179004FBBFB /* Release */,
			);
			defaultConfigurationIsVisible = 0;
			defaultConfigurationName = Release;
		};
/* End XCConfigurationList section */
	};
	rootObject = A95CB3EF1B8C9179004FBBFB /* Project object */;
}
